
Microsoft Visual Studio Solution File, Format Version 12.00
# Visual Studio Version 17
VisualStudioVersion = 17.4.33403.182
MinimumVisualStudioVersion = 10.0.40219.1
Project("{8BC9CEB8-8B4A-11D0-8D11-00A0C91BC942}") = "2_Hello_Triangle", "2_Hello_Triangle\2_Hello_Triangle.vcxproj", "{008B7C49-B41F-47AF-8982-DF7972C72C19}"
EndProject
Global
	GlobalSection(SolutionConfigurationPlatforms) = preSolution
		Debug|x64 = Debug|x64
		Debug|x86 = Debug|x86
		Release|x64 = Release|x64
		Release|x86 = Release|x86
	EndGlobalSection
	GlobalSection(ProjectConfigurationPlatforms) = postSolution
		{008B7C49-B41F-47AF-8982-DF7972C72C19}.Debug|x64.ActiveCfg = Debug|x64
		{008B7C49-B41F-47AF-8982-DF7972C72C19}.Debug|x64.Build.0 = Debug|x64
		{008B7C49-B41F-47AF-8982-DF7972C72C19}.Debug|x86.ActiveCfg = Debug|Win32
		{008B7C49-B41F-47AF-8982-DF7972C72C19}.Debug|x86.Build.0 = Debug|Win32
		{008B7C49-B41F-47AF-8982-DF7972C72C19}.Release|x64.ActiveCfg = Release|x64
		{008B7C49-B41F-47AF-8982-DF7972C72C19}.Release|x64.Build.0 = Release|x64
		{008B7C49-B41F-47AF-8982-DF7972C72C19}.Release|x86.ActiveCfg = Release|Win32
		{008B7C49-B41F-47AF-8982-DF7972C72C19}.Release|x86.Build.0 = Release|Win32
	EndGlobalSection
	GlobalSection(SolutionProperties) = preSolution
		HideSolutionNode = FALSE
	EndGlobalSection
	GlobalSection(ExtensibilityGlobals) = postSolution
		SolutionGuid = {381FC2F7-6CF8-4871-B610-F602179775B4}
	EndGlobalSection
EndGlobal
