
Microsoft Visual Studio Solution File, Format Version 12.00
# Visual Studio Version 17
VisualStudioVersion = 17.4.33403.182
MinimumVisualStudioVersion = 10.0.40219.1
Project("{8BC9CEB8-8B4A-11D0-8D11-00A0C91BC942}") = "2_Basic_Lighting", "2_Basic_Lighting\2_Basic_Lighting.vcxproj", "{A3113CDE-F6E4-454E-B8CC-4C8BDB6B363C}"
EndProject
Global
	GlobalSection(SolutionConfigurationPlatforms) = preSolution
		Debug|x64 = Debug|x64
		Debug|x86 = Debug|x86
		Release|x64 = Release|x64
		Release|x86 = Release|x86
	EndGlobalSection
	GlobalSection(ProjectConfigurationPlatforms) = postSolution
		{A3113CDE-F6E4-454E-B8CC-4C8BDB6B363C}.Debug|x64.ActiveCfg = Debug|x64
		{A3113CDE-F6E4-454E-B8CC-4C8BDB6B363C}.Debug|x64.Build.0 = Debug|x64
		{A3113CDE-F6E4-454E-B8CC-4C8BDB6B363C}.Debug|x86.ActiveCfg = Debug|Win32
		{A3113CDE-F6E4-454E-B8CC-4C8BDB6B363C}.Debug|x86.Build.0 = Debug|Win32
		{A3113CDE-F6E4-454E-B8CC-4C8BDB6B363C}.Release|x64.ActiveCfg = Release|x64
		{A3113CDE-F6E4-454E-B8CC-4C8BDB6B363C}.Release|x64.Build.0 = Release|x64
		{A3113CDE-F6E4-454E-B8CC-4C8BDB6B363C}.Release|x86.ActiveCfg = Release|Win32
		{A3113CDE-F6E4-454E-B8CC-4C8BDB6B363C}.Release|x86.Build.0 = Release|Win32
	EndGlobalSection
	GlobalSection(SolutionProperties) = preSolution
		HideSolutionNode = FALSE
	EndGlobalSection
	GlobalSection(ExtensibilityGlobals) = postSolution
		SolutionGuid = {52B44516-D324-4FF1-AD33-BD43E9128FE9}
	EndGlobalSection
EndGlobal
