
Microsoft Visual Studio Solution File, Format Version 12.00
# Visual Studio Version 17
VisualStudioVersion = 17.4.33403.182
MinimumVisualStudioVersion = 10.0.40219.1
Project("{8BC9CEB8-8B4A-11D0-8D11-00A0C91BC942}") = "6_Cubemaps", "6_Cubemaps\6_Cubemaps.vcxproj", "{C3322C83-61FC-4C34-9E06-A86165D7E51D}"
EndProject
Global
	GlobalSection(SolutionConfigurationPlatforms) = preSolution
		Debug|x64 = Debug|x64
		Debug|x86 = Debug|x86
		Release|x64 = Release|x64
		Release|x86 = Release|x86
	EndGlobalSection
	GlobalSection(ProjectConfigurationPlatforms) = postSolution
		{C3322C83-61FC-4C34-9E06-A86165D7E51D}.Debug|x64.ActiveCfg = Debug|x64
		{C3322C83-61FC-4C34-9E06-A86165D7E51D}.Debug|x64.Build.0 = Debug|x64
		{C3322C83-61FC-4C34-9E06-A86165D7E51D}.Debug|x86.ActiveCfg = Debug|Win32
		{C3322C83-61FC-4C34-9E06-A86165D7E51D}.Debug|x86.Build.0 = Debug|Win32
		{C3322C83-61FC-4C34-9E06-A86165D7E51D}.Release|x64.ActiveCfg = Release|x64
		{C3322C83-61FC-4C34-9E06-A86165D7E51D}.Release|x64.Build.0 = Release|x64
		{C3322C83-61FC-4C34-9E06-A86165D7E51D}.Release|x86.ActiveCfg = Release|Win32
		{C3322C83-61FC-4C34-9E06-A86165D7E51D}.Release|x86.Build.0 = Release|Win32
	EndGlobalSection
	GlobalSection(SolutionProperties) = preSolution
		HideSolutionNode = FALSE
	EndGlobalSection
	GlobalSection(ExtensibilityGlobals) = postSolution
		SolutionGuid = {A536BD5F-5B41-4216-A550-5EA96D2DE62F}
	EndGlobalSection
EndGlobal
